
Microsoft Visual Studio Solution File, Format Version 12.00
# Visual Studio 15
VisualStudioVersion = 15.0.28307.329
MinimumVisualStudioVersion = 10.0.40219.1
Project("{FAE04EC0-301F-11D3-BF4B-00C04F79EFBC}") = "Barometer-App.Android", "Barometer-App\Barometer-App.Android\Barometer-App.Android.csproj", "{9171A36D-D060-4063-8FF1-24CC248B996E}"
EndProject
Project("{9A19103F-16F7-4668-BE54-9A1E7A4F7556}") = "Barometer-App", "Barometer-App\Barometer-App\Barometer-App.csproj", "{DFF0CFEA-B481-4006-B1D2-872A0B6E5646}"
EndProject
Project("{FAE04EC0-301F-11D3-BF4B-00C04F79EFBC}") = "BarOMeter-App.Unit.Test", "BarOMeter-App.Unit.Test\BarOMeter-App.Unit.Test.csproj", "{3D094543-9382-4616-A70A-1ED6D5115518}"
EndProject
Global
	GlobalSection(SolutionConfigurationPlatforms) = preSolution
		Debug|Any CPU = Debug|Any CPU
		Release|Any CPU = Release|Any CPU
	EndGlobalSection
	GlobalSection(ProjectConfigurationPlatforms) = postSolution
		{9171A36D-D060-4063-8FF1-24CC248B996E}.Debug|Any CPU.ActiveCfg = Debug|Any CPU
		{9171A36D-D060-4063-8FF1-24CC248B996E}.Debug|Any CPU.Build.0 = Debug|Any CPU
		{9171A36D-D060-4063-8FF1-24CC248B996E}.Debug|Any CPU.Deploy.0 = Debug|Any CPU
		{9171A36D-D060-4063-8FF1-24CC248B996E}.Release|Any CPU.ActiveCfg = Release|Any CPU
		{9171A36D-D060-4063-8FF1-24CC248B996E}.Release|Any CPU.Build.0 = Release|Any CPU
		{9171A36D-D060-4063-8FF1-24CC248B996E}.Release|Any CPU.Deploy.0 = Release|Any CPU
		{DFF0CFEA-B481-4006-B1D2-872A0B6E5646}.Debug|Any CPU.ActiveCfg = Debug|Any CPU
		{DFF0CFEA-B481-4006-B1D2-872A0B6E5646}.Debug|Any CPU.Build.0 = Debug|Any CPU
		{DFF0CFEA-B481-4006-B1D2-872A0B6E5646}.Release|Any CPU.ActiveCfg = Release|Any CPU
		{DFF0CFEA-B481-4006-B1D2-872A0B6E5646}.Release|Any CPU.Build.0 = Release|Any CPU
		{3D094543-9382-4616-A70A-1ED6D5115518}.Debug|Any CPU.ActiveCfg = Debug|Any CPU
		{3D094543-9382-4616-A70A-1ED6D5115518}.Debug|Any CPU.Build.0 = Debug|Any CPU
		{3D094543-9382-4616-A70A-1ED6D5115518}.Release|Any CPU.ActiveCfg = Release|Any CPU
		{3D094543-9382-4616-A70A-1ED6D5115518}.Release|Any CPU.Build.0 = Release|Any CPU
	EndGlobalSection
	GlobalSection(SolutionProperties) = preSolution
		HideSolutionNode = FALSE
	EndGlobalSection
	GlobalSection(ExtensibilityGlobals) = postSolution
		SolutionGuid = {E64B1DE4-374C-45DE-8574-9B22A91F19E8}
	EndGlobalSection
EndGlobal
